// !$*UTF8*$!
{
	archiveVersion = 1;
	classes = {
	};
	objectVersion = 48;
	objects = {

/* Begin PBXBuildFile section */
		5E130B241F8F87250027636D /* AppDelegate.swift in Sources */ = {isa = PBXBuildFile; fileRef = 5E130B231F8F87250027636D /* AppDelegate.swift */; };
		5E130B261F8F87250027636D /* ViewController.swift in Sources */ = {isa = PBXBuildFile; fileRef = 5E130B251F8F87250027636D /* ViewController.swift */; };
		5E130B291F8F87250027636D /* Main.storyboard in Resources */ = {isa = PBXBuildFile; fileRef = 5E130B271F8F87250027636D /* Main.storyboard */; };
		5E130B2B1F8F87250027636D /* Assets.xcassets in Resources */ = {isa = PBXBuildFile; fileRef = 5E130B2A1F8F87250027636D /* Assets.xcassets */; };
		5E130B2E1F8F87260027636D /* LaunchScreen.storyboard in Resources */ = {isa = PBXBuildFile; fileRef = 5E130B2C1F8F87260027636D /* LaunchScreen.storyboard */; };
		5E130B361F8F8A9C0027636D /* AutoCollectionViewCell.swift in Sources */ = {isa = PBXBuildFile; fileRef = 5E130B351F8F8A9C0027636D /* AutoCollectionViewCell.swift */; };
/* End PBXBuildFile section */

/* Begin PBXFileReference section */
		5E130B201F8F87250027636D /* AutosizeCell.app */ = {isa = PBXFileReference; explicitFileType = wrapper.application; includeInIndex = 0; path = AutosizeCell.app; sourceTree = BUILT_PRODUCTS_DIR; };
		5E130B231F8F87250027636D /* AppDelegate.swift */ = {isa = PBXFileReference; lastKnownFileType = sourcecode.swift; path = AppDelegate.swift; sourceTree = "<group>"; };
		5E130B251F8F87250027636D /* ViewController.swift */ = {isa = PBXFileReference; lastKnownFileType = sourcecode.swift; path = ViewController.swift; sourceTree = "<group>"; };
		5E130B281F8F87250027636D /* Base */ = {isa = PBXFileReference; lastKnownFileType = file.storyboard; name = Base; path = Base.lproj/Main.storyboard; sourceTree = "<group>"; };
		5E130B2A1F8F87250027636D /* Assets.xcassets */ = {isa = PBXFileReference; lastKnownFileType = folder.assetcatalog; path = Assets.xcassets; sourceTree = "<group>"; };
		5E130B2D1F8F87260027636D /* Base */ = {isa = PBXFileReference; lastKnownFileType = file.storyboard; name = Base; path = Base.lproj/LaunchScreen.storyboard; sourceTree = "<group>"; };
		5E130B2F1F8F87260027636D /* Info.plist */ = {isa = PBXFileReference; lastKnownFileType = text.plist.xml; path = Info.plist; sourceTree = "<group>"; };
		5E130B351F8F8A9C0027636D /* AutoCollectionViewCell.swift */ = {isa = PBXFileReference; lastKnownFileType = sourcecode.swift; path = AutoCollectionViewCell.swift; sourceTree = "<group>"; };
/* End PBXFileReference section */

/* Begin PBXFrameworksBuildPhase section */
		5E130B1D1F8F87250027636D /* Frameworks */ = {
			isa = PBXFrameworksBuildPhase;
			buildActionMask = 2147483647;
			files = (
			);
			runOnlyForDeploymentPostprocessing = 0;
		};
/* End PBXFrameworksBuildPhase section */

/* Begin PBXGroup section */
		5E130B171F8F87240027636D = {
			isa = PBXGroup;
			children = (
				5E130B221F8F87250027636D /* AutosizeCell */,
				5E130B211F8F87250027636D /* Products */,
			);
			sourceTree = "<group>";
		};
		5E130B211F8F87250027636D /* Products */ = {
			isa = PBXGroup;
			children = (
				5E130B201F8F87250027636D /* AutosizeCell.app */,
			);
			name = Products;
			sourceTree = "<group>";
		};
		5E130B221F8F87250027636D /* AutosizeCell */ = {
			isa = PBXGroup;
			children = (
				5E130B231F8F87250027636D /* AppDelegate.swift */,
				5E130B251F8F87250027636D /* ViewController.swift */,
				5E130B351F8F8A9C0027636D /* AutoCollectionViewCell.swift */,
				5E130B271F8F87250027636D /* Main.storyboard */,
				5E130B2A1F8F87250027636D /* Assets.xcassets */,
				5E130B2C1F8F87260027636D /* LaunchScreen.storyboard */,
				5E130B2F1F8F87260027636D /* Info.plist */,
			);
			path = AutosizeCell;
			sourceTree = "<group>";
		};
/* End PBXGroup section */

/* Begin PBXNativeTarget section */
		5E130B1F1F8F87250027636D /* AutosizeCell */ = {
			isa = PBXNativeTarget;
			buildConfigurationList = 5E130B321F8F87260027636D /* Build configuration list for PBXNativeTarget "AutosizeCell" */;
			buildPhases = (
				5E130B1C1F8F87250027636D /* Sources */,
				5E130B1D1F8F87250027636D /* Frameworks */,
				5E130B1E1F8F87250027636D /* Resources */,
			);
			buildRules = (
			);
			dependencies = (
			);
			name = AutosizeCell;
			productName = AutosizeCell;
			productReference = 5E130B201F8F87250027636D /* AutosizeCell.app */;
			productType = "com.apple.product-type.application";
		};
/* End PBXNativeTarget section */

/* Begin PBXProject section */
		5E130B181F8F87240027636D /* Project object */ = {
			isa = PBXProject;
			attributes = {
				LastSwiftUpdateCheck = 0900;
				LastUpgradeCheck = 0900;
				ORGANIZATIONNAME = Purnendu;
				TargetAttributes = {
					5E130B1F1F8F87250027636D = {
						CreatedOnToolsVersion = 9.0;
						ProvisioningStyle = Manual;
					};
				};
			};
			buildConfigurationList = 5E130B1B1F8F87240027636D /* Build configuration list for PBXProject "AutosizeCell" */;
			compatibilityVersion = "Xcode 8.0";
			developmentRegion = en;
			hasScannedForEncodings = 0;
			knownRegions = (
				en,
				Base,
			);
			mainGroup = 5E130B171F8F87240027636D;
			productRefGroup = 5E130B211F8F87250027636D /* Products */;
			projectDirPath = "";
			projectRoot = "";
			targets = (
				5E130B1F1F8F87250027636D /* AutosizeCell */,
			);
		};
/* End PBXProject section */

/* Begin PBXResourcesBuildPhase section */
		5E130B1E1F8F87250027636D /* Resources */ = {
			isa = PBXResourcesBuildPhase;
			buildActionMask = 2147483647;
			files = (
				5E130B2E1F8F87260027636D /* LaunchScreen.storyboard in Resources */,
				5E130B2B1F8F87250027636D /* Assets.xcassets in Resources */,
				5E130B291F8F87250027636D /* Main.storyboard in Resources */,
			);
			runOnlyForDeploymentPostprocessing = 0;
		};
/* End PBXResourcesBuildPhase section */

/* Begin PBXSourcesBuildPhase section */
		5E130B1C1F8F87250027636D /* Sources */ = {
			isa = PBXSourcesBuildPhase;
			buildActionMask = 2147483647;
			files = (
				5E130B361F8F8A9C0027636D /* AutoCollectionViewCell.swift in Sources */,
				5E130B261F8F87250027636D /* ViewController.swift in Sources */,
				5E130B241F8F87250027636D /* AppDelegate.swift in Sources */,
			);
			runOnlyForDeploymentPostprocessing = 0;
		};
/* End PBXSourcesBuildPhase section */

/* Begin PBXVariantGroup section */
		5E130B271F8F87250027636D /* Main.storyboard */ = {
			isa = PBXVariantGroup;
			children = (
				5E130B281F8F87250027636D /* Base */,
			);
			name = Main.storyboard;
			sourceTree = "<group>";
		};
		5E130B2C1F8F87260027636D /* LaunchScreen.storyboard */ = {
			isa = PBXVariantGroup;
			children = (
				5E130B2D1F8F87260027636D /* Base */,
			);
			name = LaunchScreen.storyboard;
			sourceTree = "<group>";
		};
/* End PBXVariantGroup section */

/* Begin XCBuildConfiguration section */
		5E130B301F8F87260027636D /* Debug */ = {
			isa = XCBuildConfiguration;
			buildSettings = {
				ALWAYS_SEARCH_USER_PATHS = NO;
				CLANG_ANALYZER_NONNULL = YES;
				CLANG_ANALYZER_NUMBER_OBJECT_CONVERSION = YES_AGGRESSIVE;
				CLANG_CXX_LANGUAGE_STANDARD = "gnu++14";
				CLANG_CXX_LIBRARY = "libc++";
				CLANG_ENABLE_MODULES = YES;
				CLANG_ENABLE_OBJC_ARC = YES;
				CLANG_WARN_BLOCK_CAPTURE_AUTORELEASING = YES;
				CLANG_WARN_BOOL_CONVERSION = YES;
				CLANG_WARN_COMMA = YES;
				CLANG_WARN_CONSTANT_CONVERSION = YES;
				CLANG_WARN_DIRECT_OBJC_ISA_USAGE = YES_ERROR;
				CLANG_WARN_DOCUMENTATION_COMMENTS = YES;
				CLANG_WARN_EMPTY_BODY = YES;
				CLANG_WARN_ENUM_CONVERSION = YES;
				CLANG_WARN_INFINITE_RECURSION = YES;
				CLANG_WARN_INT_CONVERSION = YES;
				CLANG_WARN_NON_LITERAL_NULL_CONVERSION = YES;
				CLANG_WARN_OBJC_LITERAL_CONVERSION = YES;
				CLANG_WARN_OBJC_ROOT_CLASS = YES_ERROR;
				CLANG_WARN_RANGE_LOOP_ANALYSIS = YES;
				CLANG_WARN_STRICT_PROTOTYPES = YES;
				CLANG_WARN_SUSPICIOUS_MOVE = YES;
				CLANG_WARN_UNGUARDED_AVAILABILITY = YES_AGGRESSIVE;
				CLANG_WARN_UNREACHABLE_CODE = YES;
				CLANG_WARN__DUPLICATE_METHOD_MATCH = YES;
				CODE_SIGN_IDENTITY = "iPhone Developer";
				COPY_PHASE_STRIP = NO;
				DEBUG_INFORMATION_FORMAT = dwarf;
				ENABLE_STRICT_OBJC_MSGSEND = YES;
				ENABLE_TESTABILITY = YES;
				GCC_C_LANGUAGE_STANDARD = gnu11;
				GCC_DYNAMIC_NO_PIC = NO;
				GCC_NO_COMMON_BLOCKS = YES;
				GCC_OPTIMIZATION_LEVEL = 0;
				GCC_PREPROCESSOR_DEFINITIONS = (
					"DEBUG=1",
					"$(inherited)",
				);
				GCC_WARN_64_TO_32_BIT_CONVERSION = YES;
				GCC_WARN_ABOUT_RETURN_TYPE = YES_ERROR;
				GCC_WARN_UNDECLARED_SELECTOR = YES;
				GCC_WARN_UNINITIALIZED_AUTOS = YES_AGGRESSIVE;
				GCC_WARN_UNUSED_FUNCTION = YES;
				GCC_WARN_UNUSED_VARIABLE = YES;
				IPHONEOS_DEPLOYMENT_TARGET = 11.0;
				MTL_ENABLE_DEBUG_INFO = YES;
				ONLY_ACTIVE_ARCH = YES;
				SDKROOT = iphoneos;
				SWIFT_ACTIVE_COMPILATION_CONDITIONS = DEBUG;
				SWIFT_OPTIMIZATION_LEVEL = "-Onone";
			};
			name = Debug;
		};
		5E130B311F8F87260027636D /* Release */ = {
			isa = XCBuildConfiguration;
			buildSettings = {
				ALWAYS_SEARCH_USER_PATHS = NO;
				CLANG_ANALYZER_NONNULL = YES;
				CLANG_ANALYZER_NUMBER_OBJECT_CONVERSION = YES_AGGRESSIVE;
				CLANG_CXX_LANGUAGE_STANDARD = "gnu++14";
				CLANG_CXX_LIBRARY = "libc++";
				CLANG_ENABLE_MODULES = YES;
				CLANG_ENABLE_OBJC_ARC = YES;
				CLANG_WARN_BLOCK_CAPTURE_AUTORELEASING = YES;
				CLANG_WARN_BOOL_CONVERSION = YES;
				CLANG_WARN_COMMA = YES;
				CLANG_WARN_CONSTANT_CONVERSION = YES;
				CLANG_WARN_DIRECT_OBJC_ISA_USAGE = YES_ERROR;
				CLANG_WARN_DOCUMENTATION_COMMENTS = YES;
				CLANG_WARN_EMPTY_BODY = YES;
				CLANG_WARN_ENUM_CONVERSION = YES;
				CLANG_WARN_INFINITE_RECURSION = YES;
				CLANG_WARN_INT_CONVERSION = YES;
				CLANG_WARN_NON_LITERAL_NULL_CONVERSION = YES;
				CLANG_WARN_OBJC_LITERAL_CONVERSION = YES;
				CLANG_WARN_OBJC_ROOT_CLASS = YES_ERROR;
				CLANG_WARN_RANGE_LOOP_ANALYSIS = YES;
				CLANG_WARN_STRICT_PROTOTYPES = YES;
				CLANG_WARN_SUSPICIOUS_MOVE = YES;
				CLANG_WARN_UNGUARDED_AVAILABILITY = YES_AGGRESSIVE;
				CLANG_WARN_UNREACHABLE_CODE = YES;
				CLANG_WARN__DUPLICATE_METHOD_MATCH = YES;
				CODE_SIGN_IDENTITY = "iPhone Developer";
				COPY_PHASE_STRIP = NO;
				DEBUG_INFORMATION_FORMAT = "dwarf-with-dsym";
				ENABLE_NS_ASSERTIONS = NO;
				ENABLE_STRICT_OBJC_MSGSEND = YES;
				GCC_C_LANGUAGE_STANDARD = gnu11;
				GCC_NO_COMMON_BLOCKS = YES;
				GCC_WARN_64_TO_32_BIT_CONVERSION = YES;
				GCC_WARN_ABOUT_RETURN_TYPE = YES_ERROR;
				GCC_WARN_UNDECLARED_SELECTOR = YES;
				GCC_WARN_UNINITIALIZED_AUTOS = YES_AGGRESSIVE;
				GCC_WARN_UNUSED_FUNCTION = YES;
				GCC_WARN_UNUSED_VARIABLE = YES;
				IPHONEOS_DEPLOYMENT_TARGET = 11.0;
				MTL_ENABLE_DEBUG_INFO = NO;
				SDKROOT = iphoneos;
				SWIFT_OPTIMIZATION_LEVEL = "-Owholemodule";
				VALIDATE_PRODUCT = YES;
			};
			name = Release;
		};
		5E130B331F8F87260027636D /* Debug */ = {
			isa = XCBuildConfiguration;
			buildSettings = {
				ASSETCATALOG_COMPILER_APPICON_NAME = AppIcon;
				CODE_SIGN_STYLE = Manual;
				DEVELOPMENT_TEAM = 8739AQZ43Q;
				INFOPLIST_FILE = AutosizeCell/Info.plist;
				IPHONEOS_DEPLOYMENT_TARGET = 9.0;
				LD_RUNPATH_SEARCH_PATHS = "$(inherited) @executable_path/Frameworks";
				PRODUCT_BUNDLE_IDENTIFIER = com.tringapps.AutosizeCell;
				PRODUCT_NAME = "$(TARGET_NAME)";
				PROVISIONING_PROFILE = "2713528c-469f-43ff-9286-868a99412db5";
				PROVISIONING_PROFILE_SPECIFIER = AllAppDevProfile;
				SWIFT_VERSION = 4.0;
				TARGETED_DEVICE_FAMILY = "1,2";
			};
			name = Debug;
		};
		5E130B341F8F87260027636D /* Release */ = {
			isa = XCBuildConfiguration;
			buildSettings = {
				ASSETCATALOG_COMPILER_APPICON_NAME = AppIcon;
				CODE_SIGN_STYLE = Manual;
				DEVELOPMENT_TEAM = 8739AQZ43Q;
				INFOPLIST_FILE = AutosizeCell/Info.plist;
				IPHONEOS_DEPLOYMENT_TARGET = 9.0;
				LD_RUNPATH_SEARCH_PATHS = "$(inherited) @executable_path/Frameworks";
				PRODUCT_BUNDLE_IDENTIFIER = com.tringapps.AutosizeCell;
				PRODUCT_NAME = "$(TARGET_NAME)";
				PROVISIONING_PROFILE = "2713528c-469f-43ff-9286-868a99412db5";
				PROVISIONING_PROFILE_SPECIFIER = AllAppDevProfile;
				SWIFT_VERSION = 4.0;
				TARGETED_DEVICE_FAMILY = "1,2";
			};
			name = Release;
		};
/* End XCBuildConfiguration section */

/* Begin XCConfigurationList section */
		5E130B1B1F8F87240027636D /* Build configuration list for PBXProject "AutosizeCell" */ = {
			isa = XCConfigurationList;
			buildConfigurations = (
				5E130B301F8F87260027636D /* Debug */,
				5E130B311F8F87260027636D /* Release */,
			);
			defaultConfigurationIsVisible = 0;
			defaultConfigurationName = Release;
		};
		5E130B321F8F87260027636D /* Build configuration list for PBXNativeTarget "AutosizeCell" */ = {
			isa = XCConfigurationList;
			buildConfigurations = (
				5E130B331F8F87260027636D /* Debug */,
				5E130B341F8F87260027636D /* Release */,
			);
			defaultConfigurationIsVisible = 0;
			defaultConfigurationName = Release;
		};
/* End XCConfigurationList section */
	};
	rootObject = 5E130B181F8F87240027636D /* Project object */;
}
